
Microsoft Visual Studio Solution File, Format Version 12.00
# Visual Studio 15
VisualStudioVersion = 15.0.27130.2026
MinimumVisualStudioVersion = 10.0.40219.1
Project("{FAE04EC0-301F-11D3-BF4B-00C04F79EFBC}") = "QuickFork.Shell", "QuickFork.Shell\QuickFork.Shell.csproj", "{16BFC3E4-8CDB-4BC1-A11D-F228111E8318}"
	ProjectSection(ProjectDependencies) = postProject
		{88947410-A67F-4577-8403-50054F83380C} = {88947410-A67F-4577-8403-50054F83380C}
	EndProjectSection
EndProject
Project("{FAE04EC0-301F-11D3-BF4B-00C04F79EFBC}") = "QuickFork.UI", "QuickFork.UI\QuickFork.UI.csproj", "{51E4CB36-1F07-4E53-909B-63846FDD805D}"
	ProjectSection(ProjectDependencies) = postProject
		{88947410-A67F-4577-8403-50054F83380C} = {88947410-A67F-4577-8403-50054F83380C}
	EndProjectSection
EndProject
Project("{FAE04EC0-301F-11D3-BF4B-00C04F79EFBC}") = "QuickFork.Lib", "QuickFork.Lib\QuickFork.Lib.csproj", "{88947410-A67F-4577-8403-50054F83380C}"
EndProject
Project("{FAE04EC0-301F-11D3-BF4B-00C04F79EFBC}") = "uzLib.Lite", "..\uzLib.Lite\uzLib.Lite\uzLib.Lite.csproj", "{D4DA84F9-521F-438B-9C70-7FE8F4D1F32A}"
EndProject
Global
	GlobalSection(SolutionConfigurationPlatforms) = preSolution
		Debug|Any CPU = Debug|Any CPU
		Release|Any CPU = Release|Any CPU
	EndGlobalSection
	GlobalSection(ProjectConfigurationPlatforms) = postSolution
		{16BFC3E4-8CDB-4BC1-A11D-F228111E8318}.Debug|Any CPU.ActiveCfg = Debug|Any CPU
		{16BFC3E4-8CDB-4BC1-A11D-F228111E8318}.Debug|Any CPU.Build.0 = Debug|Any CPU
		{16BFC3E4-8CDB-4BC1-A11D-F228111E8318}.Release|Any CPU.ActiveCfg = Release|Any CPU
		{16BFC3E4-8CDB-4BC1-A11D-F228111E8318}.Release|Any CPU.Build.0 = Release|Any CPU
		{51E4CB36-1F07-4E53-909B-63846FDD805D}.Debug|Any CPU.ActiveCfg = Debug|Any CPU
		{51E4CB36-1F07-4E53-909B-63846FDD805D}.Debug|Any CPU.Build.0 = Debug|Any CPU
		{51E4CB36-1F07-4E53-909B-63846FDD805D}.Release|Any CPU.ActiveCfg = Release|Any CPU
		{51E4CB36-1F07-4E53-909B-63846FDD805D}.Release|Any CPU.Build.0 = Release|Any CPU
		{88947410-A67F-4577-8403-50054F83380C}.Debug|Any CPU.ActiveCfg = Debug|Any CPU
		{88947410-A67F-4577-8403-50054F83380C}.Debug|Any CPU.Build.0 = Debug|Any CPU
		{88947410-A67F-4577-8403-50054F83380C}.Release|Any CPU.ActiveCfg = Release|Any CPU
		{88947410-A67F-4577-8403-50054F83380C}.Release|Any CPU.Build.0 = Release|Any CPU
		{D4DA84F9-521F-438B-9C70-7FE8F4D1F32A}.Debug|Any CPU.ActiveCfg = Debug|Any CPU
		{D4DA84F9-521F-438B-9C70-7FE8F4D1F32A}.Debug|Any CPU.Build.0 = Debug|Any CPU
		{D4DA84F9-521F-438B-9C70-7FE8F4D1F32A}.Release|Any CPU.ActiveCfg = Release|Any CPU
		{D4DA84F9-521F-438B-9C70-7FE8F4D1F32A}.Release|Any CPU.Build.0 = Release|Any CPU
	EndGlobalSection
	GlobalSection(SolutionProperties) = preSolution
		HideSolutionNode = FALSE
	EndGlobalSection
	GlobalSection(ExtensibilityGlobals) = postSolution
		SolutionGuid = {6F0AE8DE-3A16-4CB8-B4DE-84C2DF38ABEF}
	EndGlobalSection
EndGlobal
